PODS:
  - Alamofire (5.5.0)
  - CocoaLumberjack/Core (3.7.4)
  - CocoaLumberjack/Swift (3.7.4):
    - CocoaLumberjack/Core

DEPENDENCIES:
  - Alamofire (~> 5.5)
  - CocoaLumberjack/Swift

SPEC REPOS:
  trunk:
    - Alamofire
    - CocoaLumberjack

SPEC CHECKSUMS:
  Alamofire: 1c4fb5369c3fe93d2857c780d8bbe09f06f97e7c
  CocoaLumberjack: 543c79c114dadc3b1aba95641d8738b06b05b646

PODFILE CHECKSUM: 33dc7ffb21927bcf543879ef197eae1b1e8277fd

COCOAPODS: 1.11.2
