// !$*UTF8*$!
{
	archiveVersion = 1;
	classes = {
	};
	objectVersion = 55;
	objects = {

/* Begin PBXBuildFile section */
		382EDD1827C1D5A0001D9D0A /* Color+Extensions.swift in Sources */ = {isa = PBXBuildFile; fileRef = 382EDD1727C1D5A0001D9D0A /* Color+Extensions.swift */; };
		382EDD1927C1D5A0001D9D0A /* Color+Extensions.swift in Sources */ = {isa = PBXBuildFile; fileRef = 382EDD1727C1D5A0001D9D0A /* Color+Extensions.swift */; };
		382EDD1B27C249EF001D9D0A /* SwiftUITestView.swift in Sources */ = {isa = PBXBuildFile; fileRef = 382EDD1A27C249EF001D9D0A /* SwiftUITestView.swift */; };
		382EDD1C27C249EF001D9D0A /* SwiftUITestView.swift in Sources */ = {isa = PBXBuildFile; fileRef = 382EDD1A27C249EF001D9D0A /* SwiftUITestView.swift */; };
		382EDD1E27C3658F001D9D0A /* ImagePicker.swift in Sources */ = {isa = PBXBuildFile; fileRef = 382EDD1D27C3658F001D9D0A /* ImagePicker.swift */; };
		382EDD1F27C3658F001D9D0A /* ImagePicker.swift in Sources */ = {isa = PBXBuildFile; fileRef = 382EDD1D27C3658F001D9D0A /* ImagePicker.swift */; };
		382EDD2127C368D7001D9D0A /* MainMenuItem.swift in Sources */ = {isa = PBXBuildFile; fileRef = 382EDD2027C368D7001D9D0A /* MainMenuItem.swift */; };
		382EDD2227C368D7001D9D0A /* MainMenuItem.swift in Sources */ = {isa = PBXBuildFile; fileRef = 382EDD2027C368D7001D9D0A /* MainMenuItem.swift */; };
		382EDD2427C3712D001D9D0A /* SwiftUIView+Extensions.swift in Sources */ = {isa = PBXBuildFile; fileRef = 382EDD2327C3712D001D9D0A /* SwiftUIView+Extensions.swift */; };
		382EDD2527C3712D001D9D0A /* SwiftUIView+Extensions.swift in Sources */ = {isa = PBXBuildFile; fileRef = 382EDD2327C3712D001D9D0A /* SwiftUIView+Extensions.swift */; };
		382EDD2727C3B45A001D9D0A /* CircularContainerView.swift in Sources */ = {isa = PBXBuildFile; fileRef = 382EDD2627C3B45A001D9D0A /* CircularContainerView.swift */; };
		382EDD2827C3B45A001D9D0A /* CircularContainerView.swift in Sources */ = {isa = PBXBuildFile; fileRef = 382EDD2627C3B45A001D9D0A /* CircularContainerView.swift */; };
		382EDD2A27C3BB23001D9D0A /* VideoCompressionView.swift in Sources */ = {isa = PBXBuildFile; fileRef = 382EDD2927C3BB23001D9D0A /* VideoCompressionView.swift */; };
		382EDD2B27C3BB23001D9D0A /* VideoCompressionView.swift in Sources */ = {isa = PBXBuildFile; fileRef = 382EDD2927C3BB23001D9D0A /* VideoCompressionView.swift */; };
		382EDD2D27C50989001D9D0A /* NavigationBar.swift in Sources */ = {isa = PBXBuildFile; fileRef = 382EDD2C27C50989001D9D0A /* NavigationBar.swift */; };
		382EDD2E27C50989001D9D0A /* NavigationBar.swift in Sources */ = {isa = PBXBuildFile; fileRef = 382EDD2C27C50989001D9D0A /* NavigationBar.swift */; };
		38302B8127C08A3500EA55E4 /* FFmpegCommandBuilder.swift in Sources */ = {isa = PBXBuildFile; fileRef = 38302B8027C08A3500EA55E4 /* FFmpegCommandBuilder.swift */; };
		38302B8227C08A3500EA55E4 /* FFmpegCommandBuilder.swift in Sources */ = {isa = PBXBuildFile; fileRef = 38302B8027C08A3500EA55E4 /* FFmpegCommandBuilder.swift */; };
		38302B8427C09ED600EA55E4 /* FFmpegCommandFactory.swift in Sources */ = {isa = PBXBuildFile; fileRef = 38302B8327C09ED600EA55E4 /* FFmpegCommandFactory.swift */; };
		38302B8527C09ED600EA55E4 /* FFmpegCommandFactory.swift in Sources */ = {isa = PBXBuildFile; fileRef = 38302B8327C09ED600EA55E4 /* FFmpegCommandFactory.swift */; };
		383B904227D21BD80020C204 /* TextFieldFloatingStyle.swift in Sources */ = {isa = PBXBuildFile; fileRef = 383B904127D21BD80020C204 /* TextFieldFloatingStyle.swift */; };
		383B904427D2240E0020C204 /* FloatingLabelTextField.swift in Sources */ = {isa = PBXBuildFile; fileRef = 383B904327D2240E0020C204 /* FloatingLabelTextField.swift */; };
		383B904727D346E10020C204 /* VideoCompressionViewModel.swift in Sources */ = {isa = PBXBuildFile; fileRef = 383B904627D346E10020C204 /* VideoCompressionViewModel.swift */; };
		383B904927D3566C0020C204 /* FileLocation.swift in Sources */ = {isa = PBXBuildFile; fileRef = 383B904827D3566C0020C204 /* FileLocation.swift */; };
		383B904C27D368CA0020C204 /* RoundCorner.swift in Sources */ = {isa = PBXBuildFile; fileRef = 383B904B27D368CA0020C204 /* RoundCorner.swift */; };
		383B904E27D39A310020C204 /* WindowExtensions.swift in Sources */ = {isa = PBXBuildFile; fileRef = 383B904D27D39A310020C204 /* WindowExtensions.swift */; };
		383B904F27D39A310020C204 /* WindowExtensions.swift in Sources */ = {isa = PBXBuildFile; fileRef = 383B904D27D39A310020C204 /* WindowExtensions.swift */; };
		383E1AD827BE442600E06B99 /* Tests_iOS.swift in Sources */ = {isa = PBXBuildFile; fileRef = 383E1AD727BE442600E06B99 /* Tests_iOS.swift */; };
		383E1ADA27BE442600E06B99 /* Tests_iOSLaunchTests.swift in Sources */ = {isa = PBXBuildFile; fileRef = 383E1AD927BE442600E06B99 /* Tests_iOSLaunchTests.swift */; };
		383E1AE427BE442600E06B99 /* Tests_macOS.swift in Sources */ = {isa = PBXBuildFile; fileRef = 383E1AE327BE442600E06B99 /* Tests_macOS.swift */; };
		383E1AE627BE442600E06B99 /* Tests_macOSLaunchTests.swift in Sources */ = {isa = PBXBuildFile; fileRef = 383E1AE527BE442600E06B99 /* Tests_macOSLaunchTests.swift */; };
		383E1AE727BE442600E06B99 /* AssetCompressorApp.swift in Sources */ = {isa = PBXBuildFile; fileRef = 383E1ABF27BE442500E06B99 /* AssetCompressorApp.swift */; };
		383E1AE827BE442600E06B99 /* AssetCompressorApp.swift in Sources */ = {isa = PBXBuildFile; fileRef = 383E1ABF27BE442500E06B99 /* AssetCompressorApp.swift */; };
		383E1AE927BE442600E06B99 /* ContentView.swift in Sources */ = {isa = PBXBuildFile; fileRef = 383E1AC027BE442500E06B99 /* ContentView.swift */; };
		383E1AEA27BE442600E06B99 /* ContentView.swift in Sources */ = {isa = PBXBuildFile; fileRef = 383E1AC027BE442500E06B99 /* ContentView.swift */; };
		383E1AEB27BE442600E06B99 /* Assets.xcassets in Resources */ = {isa = PBXBuildFile; fileRef = 383E1AC127BE442600E06B99 /* Assets.xcassets */; };
		383E1AEC27BE442600E06B99 /* Assets.xcassets in Resources */ = {isa = PBXBuildFile; fileRef = 383E1AC127BE442600E06B99 /* Assets.xcassets */; };
		38A0CC4527D0D78500B0F25A /* VideoMetadata.swift in Sources */ = {isa = PBXBuildFile; fileRef = 38A0CC4427D0D78500B0F25A /* VideoMetadata.swift */; };
		38A0CC4627D0D78500B0F25A /* VideoMetadata.swift in Sources */ = {isa = PBXBuildFile; fileRef = 38A0CC4427D0D78500B0F25A /* VideoMetadata.swift */; };
		38A0CC4927D0D81F00B0F25A /* JSON+Extensions.swift in Sources */ = {isa = PBXBuildFile; fileRef = 38A0CC4827D0D81F00B0F25A /* JSON+Extensions.swift */; };
		38A0CC4A27D0D81F00B0F25A /* JSON+Extensions.swift in Sources */ = {isa = PBXBuildFile; fileRef = 38A0CC4827D0D81F00B0F25A /* JSON+Extensions.swift */; };
		38E68F1A27C0445A00112A4B /* MainView.swift in Sources */ = {isa = PBXBuildFile; fileRef = 38E68F1927C0445A00112A4B /* MainView.swift */; };
		38E68F1B27C0445A00112A4B /* MainView.swift in Sources */ = {isa = PBXBuildFile; fileRef = 38E68F1927C0445A00112A4B /* MainView.swift */; };
		38E68F1D27C0450A00112A4B /* VideoEditor.swift in Sources */ = {isa = PBXBuildFile; fileRef = 38E68F1C27C0450A00112A4B /* VideoEditor.swift */; };
		38E68F1E27C0450A00112A4B /* VideoEditor.swift in Sources */ = {isa = PBXBuildFile; fileRef = 38E68F1C27C0450A00112A4B /* VideoEditor.swift */; };
		38E68F2027C047E800112A4B /* FFmpegVideoCompressor.swift in Sources */ = {isa = PBXBuildFile; fileRef = 38E68F1F27C047E800112A4B /* FFmpegVideoCompressor.swift */; };
		38E68F2127C047E800112A4B /* FFmpegVideoCompressor.swift in Sources */ = {isa = PBXBuildFile; fileRef = 38E68F1F27C047E800112A4B /* FFmpegVideoCompressor.swift */; };
		41A9CCF453B42F5604698B4A /* Pods_AssetCompressor__iOS_.framework in Frameworks */ = {isa = PBXBuildFile; fileRef = 3794867F81F5D991AD8B1591 /* Pods_AssetCompressor__iOS_.framework */; };
		E8FF272C7F16012A60A475B2 /* Pods_AssetCompressor__macOS_.framework in Frameworks */ = {isa = PBXBuildFile; fileRef = 8E447FD76BC2844E35B42939 /* Pods_AssetCompressor__macOS_.framework */; };
/* End PBXBuildFile section */

/* Begin PBXContainerItemProxy section */
		383E1AD427BE442600E06B99 /* PBXContainerItemProxy */ = {
			isa = PBXContainerItemProxy;
			containerPortal = 383E1ABA27BE442500E06B99 /* Project object */;
			proxyType = 1;
			remoteGlobalIDString = 383E1AC527BE442600E06B99;
			remoteInfo = "AssetCompressor (iOS)";
		};
		383E1AE027BE442600E06B99 /* PBXContainerItemProxy */ = {
			isa = PBXContainerItemProxy;
			containerPortal = 383E1ABA27BE442500E06B99 /* Project object */;
			proxyType = 1;
			remoteGlobalIDString = 383E1ACB27BE442600E06B99;
			remoteInfo = "AssetCompressor (macOS)";
		};
/* End PBXContainerItemProxy section */

/* Begin PBXFileReference section */
		3794867F81F5D991AD8B1591 /* Pods_AssetCompressor__iOS_.framework */ = {isa = PBXFileReference; explicitFileType = wrapper.framework; includeInIndex = 0; path = Pods_AssetCompressor__iOS_.framework; sourceTree = BUILT_PRODUCTS_DIR; };
		382EDD1727C1D5A0001D9D0A /* Color+Extensions.swift */ = {isa = PBXFileReference; lastKnownFileType = sourcecode.swift; path = "Color+Extensions.swift"; sourceTree = "<group>"; };
		382EDD1A27C249EF001D9D0A /* SwiftUITestView.swift */ = {isa = PBXFileReference; lastKnownFileType = sourcecode.swift; path = SwiftUITestView.swift; sourceTree = "<group>"; };
		382EDD1D27C3658F001D9D0A /* ImagePicker.swift */ = {isa = PBXFileReference; lastKnownFileType = sourcecode.swift; path = ImagePicker.swift; sourceTree = "<group>"; };
		382EDD2027C368D7001D9D0A /* MainMenuItem.swift */ = {isa = PBXFileReference; lastKnownFileType = sourcecode.swift; path = MainMenuItem.swift; sourceTree = "<group>"; };
		382EDD2327C3712D001D9D0A /* SwiftUIView+Extensions.swift */ = {isa = PBXFileReference; lastKnownFileType = sourcecode.swift; path = "SwiftUIView+Extensions.swift"; sourceTree = "<group>"; };
		382EDD2627C3B45A001D9D0A /* CircularContainerView.swift */ = {isa = PBXFileReference; lastKnownFileType = sourcecode.swift; path = CircularContainerView.swift; sourceTree = "<group>"; };
		382EDD2927C3BB23001D9D0A /* VideoCompressionView.swift */ = {isa = PBXFileReference; lastKnownFileType = sourcecode.swift; path = VideoCompressionView.swift; sourceTree = "<group>"; };
		382EDD2C27C50989001D9D0A /* NavigationBar.swift */ = {isa = PBXFileReference; lastKnownFileType = sourcecode.swift; path = NavigationBar.swift; sourceTree = "<group>"; };
		38302B8027C08A3500EA55E4 /* FFmpegCommandBuilder.swift */ = {isa = PBXFileReference; lastKnownFileType = sourcecode.swift; path = FFmpegCommandBuilder.swift; sourceTree = "<group>"; };
		38302B8327C09ED600EA55E4 /* FFmpegCommandFactory.swift */ = {isa = PBXFileReference; lastKnownFileType = sourcecode.swift; path = FFmpegCommandFactory.swift; sourceTree = "<group>"; };
		383B904127D21BD80020C204 /* TextFieldFloatingStyle.swift */ = {isa = PBXFileReference; lastKnownFileType = sourcecode.swift; path = TextFieldFloatingStyle.swift; sourceTree = "<group>"; };
		383B904327D2240E0020C204 /* FloatingLabelTextField.swift */ = {isa = PBXFileReference; lastKnownFileType = sourcecode.swift; path = FloatingLabelTextField.swift; sourceTree = "<group>"; };
		383B904627D346E10020C204 /* VideoCompressionViewModel.swift */ = {isa = PBXFileReference; lastKnownFileType = sourcecode.swift; path = VideoCompressionViewModel.swift; sourceTree = "<group>"; };
		383B904827D3566C0020C204 /* FileLocation.swift */ = {isa = PBXFileReference; lastKnownFileType = sourcecode.swift; path = FileLocation.swift; sourceTree = "<group>"; };
		383B904A27D35DBD0020C204 /* AssetCompressor--iOS--Info.plist */ = {isa = PBXFileReference; lastKnownFileType = text.plist; path = "AssetCompressor--iOS--Info.plist"; sourceTree = "<group>"; };
		383B904B27D368CA0020C204 /* RoundCorner.swift */ = {isa = PBXFileReference; lastKnownFileType = sourcecode.swift; path = RoundCorner.swift; sourceTree = "<group>"; };
		383B904D27D39A310020C204 /* WindowExtensions.swift */ = {isa = PBXFileReference; lastKnownFileType = sourcecode.swift; path = WindowExtensions.swift; sourceTree = "<group>"; };
		383E1ABF27BE442500E06B99 /* AssetCompressorApp.swift */ = {isa = PBXFileReference; lastKnownFileType = sourcecode.swift; path = AssetCompressorApp.swift; sourceTree = "<group>"; };
		383E1AC027BE442500E06B99 /* ContentView.swift */ = {isa = PBXFileReference; lastKnownFileType = sourcecode.swift; path = ContentView.swift; sourceTree = "<group>"; };
		383E1AC127BE442600E06B99 /* Assets.xcassets */ = {isa = PBXFileReference; lastKnownFileType = folder.assetcatalog; path = Assets.xcassets; sourceTree = "<group>"; };
		383E1AC627BE442600E06B99 /* AssetCompressor.app */ = {isa = PBXFileReference; explicitFileType = wrapper.application; includeInIndex = 0; path = AssetCompressor.app; sourceTree = BUILT_PRODUCTS_DIR; };
		383E1ACC27BE442600E06B99 /* AssetCompressor.app */ = {isa = PBXFileReference; explicitFileType = wrapper.application; includeInIndex = 0; path = AssetCompressor.app; sourceTree = BUILT_PRODUCTS_DIR; };
		383E1ACE27BE442600E06B99 /* macOS.entitlements */ = {isa = PBXFileReference; lastKnownFileType = text.plist.entitlements; path = macOS.entitlements; sourceTree = "<group>"; };
		383E1AD327BE442600E06B99 /* Tests iOS.xctest */ = {isa = PBXFileReference; explicitFileType = wrapper.cfbundle; includeInIndex = 0; path = "Tests iOS.xctest"; sourceTree = BUILT_PRODUCTS_DIR; };
		383E1AD727BE442600E06B99 /* Tests_iOS.swift */ = {isa = PBXFileReference; lastKnownFileType = sourcecode.swift; path = Tests_iOS.swift; sourceTree = "<group>"; };
		383E1AD927BE442600E06B99 /* Tests_iOSLaunchTests.swift */ = {isa = PBXFileReference; lastKnownFileType = sourcecode.swift; path = Tests_iOSLaunchTests.swift; sourceTree = "<group>"; };
		383E1ADF27BE442600E06B99 /* Tests macOS.xctest */ = {isa = PBXFileReference; explicitFileType = wrapper.cfbundle; includeInIndex = 0; path = "Tests macOS.xctest"; sourceTree = BUILT_PRODUCTS_DIR; };
		383E1AE327BE442600E06B99 /* Tests_macOS.swift */ = {isa = PBXFileReference; lastKnownFileType = sourcecode.swift; path = Tests_macOS.swift; sourceTree = "<group>"; };
		383E1AE527BE442600E06B99 /* Tests_macOSLaunchTests.swift */ = {isa = PBXFileReference; lastKnownFileType = sourcecode.swift; path = Tests_macOSLaunchTests.swift; sourceTree = "<group>"; };
		38A0CC4427D0D78500B0F25A /* VideoMetadata.swift */ = {isa = PBXFileReference; lastKnownFileType = sourcecode.swift; path = VideoMetadata.swift; sourceTree = "<group>"; };
		38A0CC4827D0D81F00B0F25A /* JSON+Extensions.swift */ = {isa = PBXFileReference; lastKnownFileType = sourcecode.swift; path = "JSON+Extensions.swift"; sourceTree = "<group>"; };
		38E68F1927C0445A00112A4B /* MainView.swift */ = {isa = PBXFileReference; lastKnownFileType = sourcecode.swift; path = MainView.swift; sourceTree = "<group>"; };
		38E68F1C27C0450A00112A4B /* VideoEditor.swift */ = {isa = PBXFileReference; lastKnownFileType = sourcecode.swift; path = VideoEditor.swift; sourceTree = "<group>"; };
		38E68F1F27C047E800112A4B /* FFmpegVideoCompressor.swift */ = {isa = PBXFileReference; lastKnownFileType = sourcecode.swift; path = FFmpegVideoCompressor.swift; sourceTree = "<group>"; };
		77B200FEB96AFEB99717C9B7 /* Pods-AssetCompressor (macOS).debug.xcconfig */ = {isa = PBXFileReference; includeInIndex = 1; lastKnownFileType = text.xcconfig; name = "Pods-AssetCompressor (macOS).debug.xcconfig"; path = "Target Support Files/Pods-AssetCompressor (macOS)/Pods-AssetCompressor (macOS).debug.xcconfig"; sourceTree = "<group>"; };
		89D56303D07EF3656D3ECD96 /* Pods-AssetCompressor (macOS).release.xcconfig */ = {isa = PBXFileReference; includeInIndex = 1; lastKnownFileType = text.xcconfig; name = "Pods-AssetCompressor (macOS).release.xcconfig"; path = "Target Support Files/Pods-AssetCompressor (macOS)/Pods-AssetCompressor (macOS).release.xcconfig"; sourceTree = "<group>"; };
		8E447FD76BC2844E35B42939 /* Pods_AssetCompressor__macOS_.framework */ = {isa = PBXFileReference; explicitFileType = wrapper.framework; includeInIndex = 0; path = Pods_AssetCompressor__macOS_.framework; sourceTree = BUILT_PRODUCTS_DIR; };
		B9821F88BC95AC040A16888D /* Pods-AssetCompressor (iOS).release.xcconfig */ = {isa = PBXFileReference; includeInIndex = 1; lastKnownFileType = text.xcconfig; name = "Pods-AssetCompressor (iOS).release.xcconfig"; path = "Target Support Files/Pods-AssetCompressor (iOS)/Pods-AssetCompressor (iOS).release.xcconfig"; sourceTree = "<group>"; };
		DFE6EDF77703024DFB4E2318 /* Pods-AssetCompressor (iOS).debug.xcconfig */ = {isa = PBXFileReference; includeInIndex = 1; lastKnownFileType = text.xcconfig; name = "Pods-AssetCompressor (iOS).debug.xcconfig"; path = "Target Support Files/Pods-AssetCompressor (iOS)/Pods-AssetCompressor (iOS).debug.xcconfig"; sourceTree = "<group>"; };
/* End PBXFileReference section */

/* Begin PBXFrameworksBuildPhase section */
		383E1AC327BE442600E06B99 /* Frameworks */ = {
			isa = PBXFrameworksBuildPhase;
			buildActionMask = 2147483647;
			files = (
				41A9CCF453B42F5604698B4A /* Pods_AssetCompressor__iOS_.framework in Frameworks */,
			);
			runOnlyForDeploymentPostprocessing = 0;
		};
		383E1AC927BE442600E06B99 /* Frameworks */ = {
			isa = PBXFrameworksBuildPhase;
			buildActionMask = 2147483647;
			files = (
				E8FF272C7F16012A60A475B2 /* Pods_AssetCompressor__macOS_.framework in Frameworks */,
			);
			runOnlyForDeploymentPostprocessing = 0;
		};
		383E1AD027BE442600E06B99 /* Frameworks */ = {
			isa = PBXFrameworksBuildPhase;
			buildActionMask = 2147483647;
			files = (
			);
			runOnlyForDeploymentPostprocessing = 0;
		};
		383E1ADC27BE442600E06B99 /* Frameworks */ = {
			isa = PBXFrameworksBuildPhase;
			buildActionMask = 2147483647;
			files = (
			);
			runOnlyForDeploymentPostprocessing = 0;
		};
/* End PBXFrameworksBuildPhase section */

/* Begin PBXGroup section */
		197283AF8496DE0877AFB58C /* Pods */ = {
			isa = PBXGroup;
			children = (
				DFE6EDF77703024DFB4E2318 /* Pods-AssetCompressor (iOS).debug.xcconfig */,
				B9821F88BC95AC040A16888D /* Pods-AssetCompressor (iOS).release.xcconfig */,
				77B200FEB96AFEB99717C9B7 /* Pods-AssetCompressor (macOS).debug.xcconfig */,
				89D56303D07EF3656D3ECD96 /* Pods-AssetCompressor (macOS).release.xcconfig */,
			);
			path = Pods;
			sourceTree = "<group>";
		};
		383B904027D21BBB0020C204 /* Controls */ = {
			isa = PBXGroup;
			children = (
				383B904127D21BD80020C204 /* TextFieldFloatingStyle.swift */,
				383B904327D2240E0020C204 /* FloatingLabelTextField.swift */,
				383B904B27D368CA0020C204 /* RoundCorner.swift */,
			);
			path = Controls;
			sourceTree = "<group>";
		};
		383B904527D346C80020C204 /* ViewModel */ = {
			isa = PBXGroup;
			children = (
				383B904627D346E10020C204 /* VideoCompressionViewModel.swift */,
			);
			path = ViewModel;
			sourceTree = "<group>";
		};
		383E1AB927BE442500E06B99 = {
			isa = PBXGroup;
			children = (
				383B904A27D35DBD0020C204 /* AssetCompressor--iOS--Info.plist */,
				383E1ABE27BE442500E06B99 /* Shared */,
				383E1ACD27BE442600E06B99 /* macOS */,
				383E1AD627BE442600E06B99 /* Tests iOS */,
				383E1AE227BE442600E06B99 /* Tests macOS */,
				383E1AC727BE442600E06B99 /* Products */,
				197283AF8496DE0877AFB58C /* Pods */,
				B6F2D2B270AF9EBB7E248B86 /* Frameworks */,
			);
			sourceTree = "<group>";
		};
		383E1ABE27BE442500E06B99 /* Shared */ = {
			isa = PBXGroup;
			children = (
				383B904527D346C80020C204 /* ViewModel */,
				383B904027D21BBB0020C204 /* Controls */,
				38A0CC4727D0D80F00B0F25A /* Utilities */,
				38A0CC4327D0B9AB00B0F25A /* VideoEditor */,
				383E1ABF27BE442500E06B99 /* AssetCompressorApp.swift */,
				383E1AC027BE442500E06B99 /* ContentView.swift */,
				38E68F1927C0445A00112A4B /* MainView.swift */,
				383E1AC127BE442600E06B99 /* Assets.xcassets */,
				382EDD1727C1D5A0001D9D0A /* Color+Extensions.swift */,
				382EDD1A27C249EF001D9D0A /* SwiftUITestView.swift */,
				382EDD1D27C3658F001D9D0A /* ImagePicker.swift */,
				382EDD2027C368D7001D9D0A /* MainMenuItem.swift */,
				382EDD2627C3B45A001D9D0A /* CircularContainerView.swift */,
				382EDD2927C3BB23001D9D0A /* VideoCompressionView.swift */,
				382EDD2C27C50989001D9D0A /* NavigationBar.swift */,
			);
			path = Shared;
			sourceTree = "<group>";
		};
		383E1AC727BE442600E06B99 /* Products */ = {
			isa = PBXGroup;
			children = (
				383E1AC627BE442600E06B99 /* AssetCompressor.app */,
				383E1ACC27BE442600E06B99 /* AssetCompressor.app */,
				383E1AD327BE442600E06B99 /* Tests iOS.xctest */,
				383E1ADF27BE442600E06B99 /* Tests macOS.xctest */,
			);
			name = Products;
			sourceTree = "<group>";
		};
		383E1ACD27BE442600E06B99 /* macOS */ = {
			isa = PBXGroup;
			children = (
				383E1ACE27BE442600E06B99 /* macOS.entitlements */,
			);
			path = macOS;
			sourceTree = "<group>";
		};
		383E1AD627BE442600E06B99 /* Tests iOS */ = {
			isa = PBXGroup;
			children = (
				383E1AD727BE442600E06B99 /* Tests_iOS.swift */,
				383E1AD927BE442600E06B99 /* Tests_iOSLaunchTests.swift */,
			);
			path = "Tests iOS";
			sourceTree = "<group>";
		};
		383E1AE227BE442600E06B99 /* Tests macOS */ = {
			isa = PBXGroup;
			children = (
				383E1AE327BE442600E06B99 /* Tests_macOS.swift */,
				383E1AE527BE442600E06B99 /* Tests_macOSLaunchTests.swift */,
			);
			path = "Tests macOS";
			sourceTree = "<group>";
		};
		38A0CC4327D0B9AB00B0F25A /* VideoEditor */ = {
			isa = PBXGroup;
			children = (
				38302B8027C08A3500EA55E4 /* FFmpegCommandBuilder.swift */,
				38302B8327C09ED600EA55E4 /* FFmpegCommandFactory.swift */,
				38E68F1F27C047E800112A4B /* FFmpegVideoCompressor.swift */,
				38E68F1C27C0450A00112A4B /* VideoEditor.swift */,
				38A0CC4427D0D78500B0F25A /* VideoMetadata.swift */,
			);
			path = VideoEditor;
			sourceTree = "<group>";
		};
		38A0CC4727D0D80F00B0F25A /* Utilities */ = {
			isa = PBXGroup;
			children = (
				382EDD2327C3712D001D9D0A /* SwiftUIView+Extensions.swift */,
				38A0CC4827D0D81F00B0F25A /* JSON+Extensions.swift */,
				383B904827D3566C0020C204 /* FileLocation.swift */,
				383B904D27D39A310020C204 /* WindowExtensions.swift */,
			);
			path = Utilities;
			sourceTree = "<group>";
		};
		B6F2D2B270AF9EBB7E248B86 /* Frameworks */ = {
			isa = PBXGroup;
			children = (
				3794867F81F5D991AD8B1591 /* Pods_AssetCompressor__iOS_.framework */,
				8E447FD76BC2844E35B42939 /* Pods_AssetCompressor__macOS_.framework */,
			);
			name = Frameworks;
			sourceTree = "<group>";
		};
/* End PBXGroup section */

/* Begin PBXNativeTarget section */
		383E1AC527BE442600E06B99 /* AssetCompressor (iOS) */ = {
			isa = PBXNativeTarget;
			buildConfigurationList = 383E1AEF27BE442600E06B99 /* Build configuration list for PBXNativeTarget "AssetCompressor (iOS)" */;
			buildPhases = (
				F544875D85CB20A74ECC2C9D /* [CP] Check Pods Manifest.lock */,
				383E1AC227BE442600E06B99 /* Sources */,
				383E1AC327BE442600E06B99 /* Frameworks */,
				383E1AC427BE442600E06B99 /* Resources */,
				14AAAB26F674F05DCA7ED24B /* [CP] Embed Pods Frameworks */,
			);
			buildRules = (
			);
			dependencies = (
			);
			name = "AssetCompressor (iOS)";
			productName = "AssetCompressor (iOS)";
			productReference = 383E1AC627BE442600E06B99 /* AssetCompressor.app */;
			productType = "com.apple.product-type.application";
		};
		383E1ACB27BE442600E06B99 /* AssetCompressor (macOS) */ = {
			isa = PBXNativeTarget;
			buildConfigurationList = 383E1AF227BE442600E06B99 /* Build configuration list for PBXNativeTarget "AssetCompressor (macOS)" */;
			buildPhases = (
				876F0CB43B8316FFEBAC30D3 /* [CP] Check Pods Manifest.lock */,
				383E1AC827BE442600E06B99 /* Sources */,
				383E1AC927BE442600E06B99 /* Frameworks */,
				383E1ACA27BE442600E06B99 /* Resources */,
				8F543B1DF762F63383C3B9E4 /* [CP] Embed Pods Frameworks */,
			);
			buildRules = (
			);
			dependencies = (
			);
			name = "AssetCompressor (macOS)";
			productName = "AssetCompressor (macOS)";
			productReference = 383E1ACC27BE442600E06B99 /* AssetCompressor.app */;
			productType = "com.apple.product-type.application";
		};
		383E1AD227BE442600E06B99 /* Tests iOS */ = {
			isa = PBXNativeTarget;
			buildConfigurationList = 383E1AF527BE442600E06B99 /* Build configuration list for PBXNativeTarget "Tests iOS" */;
			buildPhases = (
				383E1ACF27BE442600E06B99 /* Sources */,
				383E1AD027BE442600E06B99 /* Frameworks */,
				383E1AD127BE442600E06B99 /* Resources */,
			);
			buildRules = (
			);
			dependencies = (
				383E1AD527BE442600E06B99 /* PBXTargetDependency */,
			);
			name = "Tests iOS";
			productName = "Tests iOS";
			productReference = 383E1AD327BE442600E06B99 /* Tests iOS.xctest */;
			productType = "com.apple.product-type.bundle.ui-testing";
		};
		383E1ADE27BE442600E06B99 /* Tests macOS */ = {
			isa = PBXNativeTarget;
			buildConfigurationList = 383E1AF827BE442600E06B99 /* Build configuration list for PBXNativeTarget "Tests macOS" */;
			buildPhases = (
				383E1ADB27BE442600E06B99 /* Sources */,
				383E1ADC27BE442600E06B99 /* Frameworks */,
				383E1ADD27BE442600E06B99 /* Resources */,
			);
			buildRules = (
			);
			dependencies = (
				383E1AE127BE442600E06B99 /* PBXTargetDependency */,
			);
			name = "Tests macOS";
			productName = "Tests macOS";
			productReference = 383E1ADF27BE442600E06B99 /* Tests macOS.xctest */;
			productType = "com.apple.product-type.bundle.ui-testing";
		};
/* End PBXNativeTarget section */

/* Begin PBXProject section */
		383E1ABA27BE442500E06B99 /* Project object */ = {
			isa = PBXProject;
			attributes = {
				BuildIndependentTargetsInParallel = 1;
				LastSwiftUpdateCheck = 1320;
				LastUpgradeCheck = 1320;
				TargetAttributes = {
					383E1AC527BE442600E06B99 = {
						CreatedOnToolsVersion = 13.2.1;
					};
					383E1ACB27BE442600E06B99 = {
						CreatedOnToolsVersion = 13.2.1;
					};
					383E1AD227BE442600E06B99 = {
						CreatedOnToolsVersion = 13.2.1;
						TestTargetID = 383E1AC527BE442600E06B99;
					};
					383E1ADE27BE442600E06B99 = {
						CreatedOnToolsVersion = 13.2.1;
						TestTargetID = 383E1ACB27BE442600E06B99;
					};
				};
			};
			buildConfigurationList = 383E1ABD27BE442500E06B99 /* Build configuration list for PBXProject "AssetCompressor" */;
			compatibilityVersion = "Xcode 13.0";
			developmentRegion = en;
			hasScannedForEncodings = 0;
			knownRegions = (
				en,
				Base,
			);
			mainGroup = 383E1AB927BE442500E06B99;
			productRefGroup = 383E1AC727BE442600E06B99 /* Products */;
			projectDirPath = "";
			projectRoot = "";
			targets = (
				383E1AC527BE442600E06B99 /* AssetCompressor (iOS) */,
				383E1ACB27BE442600E06B99 /* AssetCompressor (macOS) */,
				383E1AD227BE442600E06B99 /* Tests iOS */,
				383E1ADE27BE442600E06B99 /* Tests macOS */,
			);
		};
/* End PBXProject section */

/* Begin PBXResourcesBuildPhase section */
		383E1AC427BE442600E06B99 /* Resources */ = {
			isa = PBXResourcesBuildPhase;
			buildActionMask = 2147483647;
			files = (
				383E1AEB27BE442600E06B99 /* Assets.xcassets in Resources */,
			);
			runOnlyForDeploymentPostprocessing = 0;
		};
		383E1ACA27BE442600E06B99 /* Resources */ = {
			isa = PBXResourcesBuildPhase;
			buildActionMask = 2147483647;
			files = (
				383E1AEC27BE442600E06B99 /* Assets.xcassets in Resources */,
			);
			runOnlyForDeploymentPostprocessing = 0;
		};
		383E1AD127BE442600E06B99 /* Resources */ = {
			isa = PBXResourcesBuildPhase;
			buildActionMask = 2147483647;
			files = (
			);
			runOnlyForDeploymentPostprocessing = 0;
		};
		383E1ADD27BE442600E06B99 /* Resources */ = {
			isa = PBXResourcesBuildPhase;
			buildActionMask = 2147483647;
			files = (
			);
			runOnlyForDeploymentPostprocessing = 0;
		};
/* End PBXResourcesBuildPhase section */

/* Begin PBXShellScriptBuildPhase section */
		14AAAB26F674F05DCA7ED24B /* [CP] Embed Pods Frameworks */ = {
			isa = PBXShellScriptBuildPhase;
			buildActionMask = 2147483647;
			files = (
			);
			inputFileListPaths = (
				"${PODS_ROOT}/Target Support Files/Pods-AssetCompressor (iOS)/Pods-AssetCompressor (iOS)-frameworks-${CONFIGURATION}-input-files.xcfilelist",
			);
			name = "[CP] Embed Pods Frameworks";
			outputFileListPaths = (
				"${PODS_ROOT}/Target Support Files/Pods-AssetCompressor (iOS)/Pods-AssetCompressor (iOS)-frameworks-${CONFIGURATION}-output-files.xcfilelist",
			);
			runOnlyForDeploymentPostprocessing = 0;
			shellPath = /bin/sh;
			shellScript = "\"${PODS_ROOT}/Target Support Files/Pods-AssetCompressor (iOS)/Pods-AssetCompressor (iOS)-frameworks.sh\"\n";
			showEnvVarsInLog = 0;
		};
		876F0CB43B8316FFEBAC30D3 /* [CP] Check Pods Manifest.lock */ = {
			isa = PBXShellScriptBuildPhase;
			buildActionMask = 2147483647;
			files = (
			);
			inputFileListPaths = (
			);
			inputPaths = (
				"${PODS_PODFILE_DIR_PATH}/Podfile.lock",
				"${PODS_ROOT}/Manifest.lock",
			);
			name = "[CP] Check Pods Manifest.lock";
			outputFileListPaths = (
			);
			outputPaths = (
				"$(DERIVED_FILE_DIR)/Pods-AssetCompressor (macOS)-checkManifestLockResult.txt",
			);
			runOnlyForDeploymentPostprocessing = 0;
			shellPath = /bin/sh;
			shellScript = "diff \"${PODS_PODFILE_DIR_PATH}/Podfile.lock\" \"${PODS_ROOT}/Manifest.lock\" > /dev/null\nif [ $? != 0 ] ; then\n    # print error to STDERR\n    echo \"error: The sandbox is not in sync with the Podfile.lock. Run 'pod install' or update your CocoaPods installation.\" >&2\n    exit 1\nfi\n# This output is used by Xcode 'outputs' to avoid re-running this script phase.\necho \"SUCCESS\" > \"${SCRIPT_OUTPUT_FILE_0}\"\n";
			showEnvVarsInLog = 0;
		};
		8F543B1DF762F63383C3B9E4 /* [CP] Embed Pods Frameworks */ = {
			isa = PBXShellScriptBuildPhase;
			buildActionMask = 2147483647;
			files = (
			);
			inputFileListPaths = (
				"${PODS_ROOT}/Target Support Files/Pods-AssetCompressor (macOS)/Pods-AssetCompressor (macOS)-frameworks-${CONFIGURATION}-input-files.xcfilelist",
			);
			name = "[CP] Embed Pods Frameworks";
			outputFileListPaths = (
				"${PODS_ROOT}/Target Support Files/Pods-AssetCompressor (macOS)/Pods-AssetCompressor (macOS)-frameworks-${CONFIGURATION}-output-files.xcfilelist",
			);
			runOnlyForDeploymentPostprocessing = 0;
			shellPath = /bin/sh;
			shellScript = "\"${PODS_ROOT}/Target Support Files/Pods-AssetCompressor (macOS)/Pods-AssetCompressor (macOS)-frameworks.sh\"\n";
			showEnvVarsInLog = 0;
		};
		F544875D85CB20A74ECC2C9D /* [CP] Check Pods Manifest.lock */ = {
			isa = PBXShellScriptBuildPhase;
			buildActionMask = 2147483647;
			files = (
			);
			inputFileListPaths = (
			);
			inputPaths = (
				"${PODS_PODFILE_DIR_PATH}/Podfile.lock",
				"${PODS_ROOT}/Manifest.lock",
			);
			name = "[CP] Check Pods Manifest.lock";
			outputFileListPaths = (
			);
			outputPaths = (
				"$(DERIVED_FILE_DIR)/Pods-AssetCompressor (iOS)-checkManifestLockResult.txt",
			);
			runOnlyForDeploymentPostprocessing = 0;
			shellPath = /bin/sh;
			shellScript = "diff \"${PODS_PODFILE_DIR_PATH}/Podfile.lock\" \"${PODS_ROOT}/Manifest.lock\" > /dev/null\nif [ $? != 0 ] ; then\n    # print error to STDERR\n    echo \"error: The sandbox is not in sync with the Podfile.lock. Run 'pod install' or update your CocoaPods installation.\" >&2\n    exit 1\nfi\n# This output is used by Xcode 'outputs' to avoid re-running this script phase.\necho \"SUCCESS\" > \"${SCRIPT_OUTPUT_FILE_0}\"\n";
			showEnvVarsInLog = 0;
		};
/* End PBXShellScriptBuildPhase section */

/* Begin PBXSourcesBuildPhase section */
		383E1AC227BE442600E06B99 /* Sources */ = {
			isa = PBXSourcesBuildPhase;
			buildActionMask = 2147483647;
			files = (
				383B904E27D39A310020C204 /* WindowExtensions.swift in Sources */,
				383B904427D2240E0020C204 /* FloatingLabelTextField.swift in Sources */,
				383B904927D3566C0020C204 /* FileLocation.swift in Sources */,
				382EDD2727C3B45A001D9D0A /* CircularContainerView.swift in Sources */,
				38E68F2027C047E800112A4B /* FFmpegVideoCompressor.swift in Sources */,
				38E68F1D27C0450A00112A4B /* VideoEditor.swift in Sources */,
				38302B8127C08A3500EA55E4 /* FFmpegCommandBuilder.swift in Sources */,
				382EDD1827C1D5A0001D9D0A /* Color+Extensions.swift in Sources */,
				382EDD2D27C50989001D9D0A /* NavigationBar.swift in Sources */,
				38A0CC4527D0D78500B0F25A /* VideoMetadata.swift in Sources */,
				38302B8427C09ED600EA55E4 /* FFmpegCommandFactory.swift in Sources */,
				382EDD2A27C3BB23001D9D0A /* VideoCompressionView.swift in Sources */,
				382EDD2127C368D7001D9D0A /* MainMenuItem.swift in Sources */,
				383E1AE927BE442600E06B99 /* ContentView.swift in Sources */,
				38E68F1A27C0445A00112A4B /* MainView.swift in Sources */,
				38A0CC4927D0D81F00B0F25A /* JSON+Extensions.swift in Sources */,
				383B904227D21BD80020C204 /* TextFieldFloatingStyle.swift in Sources */,
				383B904727D346E10020C204 /* VideoCompressionViewModel.swift in Sources */,
				383B904C27D368CA0020C204 /* RoundCorner.swift in Sources */,
				382EDD2427C3712D001D9D0A /* SwiftUIView+Extensions.swift in Sources */,
				382EDD1E27C3658F001D9D0A /* ImagePicker.swift in Sources */,
				382EDD1B27C249EF001D9D0A /* SwiftUITestView.swift in Sources */,
				383E1AE727BE442600E06B99 /* AssetCompressorApp.swift in Sources */,
			);
			runOnlyForDeploymentPostprocessing = 0;
		};
		383E1AC827BE442600E06B99 /* Sources */ = {
			isa = PBXSourcesBuildPhase;
			buildActionMask = 2147483647;
			files = (
				382EDD2827C3B45A001D9D0A /* CircularContainerView.swift in Sources */,
				38E68F2127C047E800112A4B /* FFmpegVideoCompressor.swift in Sources */,
				38E68F1E27C0450A00112A4B /* VideoEditor.swift in Sources */,
				38302B8227C08A3500EA55E4 /* FFmpegCommandBuilder.swift in Sources */,
				382EDD1927C1D5A0001D9D0A /* Color+Extensions.swift in Sources */,
				382EDD2E27C50989001D9D0A /* NavigationBar.swift in Sources */,
				38A0CC4627D0D78500B0F25A /* VideoMetadata.swift in Sources */,
				383B904F27D39A310020C204 /* WindowExtensions.swift in Sources */,
				38302B8527C09ED600EA55E4 /* FFmpegCommandFactory.swift in Sources */,
				382EDD2B27C3BB23001D9D0A /* VideoCompressionView.swift in Sources */,
				382EDD2227C368D7001D9D0A /* MainMenuItem.swift in Sources */,
				383E1AEA27BE442600E06B99 /* ContentView.swift in Sources */,
				38E68F1B27C0445A00112A4B /* MainView.swift in Sources */,
				38A0CC4A27D0D81F00B0F25A /* JSON+Extensions.swift in Sources */,
				382EDD2527C3712D001D9D0A /* SwiftUIView+Extensions.swift in Sources */,
				382EDD1F27C3658F001D9D0A /* ImagePicker.swift in Sources */,
				382EDD1C27C249EF001D9D0A /* SwiftUITestView.swift in Sources */,
				383E1AE827BE442600E06B99 /* AssetCompressorApp.swift in Sources */,
			);
			runOnlyForDeploymentPostprocessing = 0;
		};
		383E1ACF27BE442600E06B99 /* Sources */ = {
			isa = PBXSourcesBuildPhase;
			buildActionMask = 2147483647;
			files = (
				383E1ADA27BE442600E06B99 /* Tests_iOSLaunchTests.swift in Sources */,
				383E1AD827BE442600E06B99 /* Tests_iOS.swift in Sources */,
			);
			runOnlyForDeploymentPostprocessing = 0;
		};
		383E1ADB27BE442600E06B99 /* Sources */ = {
			isa = PBXSourcesBuildPhase;
			buildActionMask = 2147483647;
			files = (
				383E1AE627BE442600E06B99 /* Tests_macOSLaunchTests.swift in Sources */,
				383E1AE427BE442600E06B99 /* Tests_macOS.swift in Sources */,
			);
			runOnlyForDeploymentPostprocessing = 0;
		};
/* End PBXSourcesBuildPhase section */

/* Begin PBXTargetDependency section */
		383E1AD527BE442600E06B99 /* PBXTargetDependency */ = {
			isa = PBXTargetDependency;
			target = 383E1AC527BE442600E06B99 /* AssetCompressor (iOS) */;
			targetProxy = 383E1AD427BE442600E06B99 /* PBXContainerItemProxy */;
		};
		383E1AE127BE442600E06B99 /* PBXTargetDependency */ = {
			isa = PBXTargetDependency;
			target = 383E1ACB27BE442600E06B99 /* AssetCompressor (macOS) */;
			targetProxy = 383E1AE027BE442600E06B99 /* PBXContainerItemProxy */;
		};
/* End PBXTargetDependency section */

/* Begin XCBuildConfiguration section */
		383E1AED27BE442600E06B99 /* Debug */ = {
			isa = XCBuildConfiguration;
			buildSettings = {
				ALWAYS_SEARCH_USER_PATHS = NO;
				CLANG_ANALYZER_NONNULL = YES;
				CLANG_ANALYZER_NUMBER_OBJECT_CONVERSION = YES_AGGRESSIVE;
				CLANG_CXX_LANGUAGE_STANDARD = "gnu++17";
				CLANG_CXX_LIBRARY = "libc++";
				CLANG_ENABLE_MODULES = YES;
				CLANG_ENABLE_OBJC_ARC = YES;
				CLANG_ENABLE_OBJC_WEAK = YES;
				CLANG_WARN_BLOCK_CAPTURE_AUTORELEASING = YES;
				CLANG_WARN_BOOL_CONVERSION = YES;
				CLANG_WARN_COMMA = YES;
				CLANG_WARN_CONSTANT_CONVERSION = YES;
				CLANG_WARN_DEPRECATED_OBJC_IMPLEMENTATIONS = YES;
				CLANG_WARN_DIRECT_OBJC_ISA_USAGE = YES_ERROR;
				CLANG_WARN_DOCUMENTATION_COMMENTS = YES;
				CLANG_WARN_EMPTY_BODY = YES;
				CLANG_WARN_ENUM_CONVERSION = YES;
				CLANG_WARN_INFINITE_RECURSION = YES;
				CLANG_WARN_INT_CONVERSION = YES;
				CLANG_WARN_NON_LITERAL_NULL_CONVERSION = YES;
				CLANG_WARN_OBJC_IMPLICIT_RETAIN_SELF = YES;
				CLANG_WARN_OBJC_LITERAL_CONVERSION = YES;
				CLANG_WARN_OBJC_ROOT_CLASS = YES_ERROR;
				CLANG_WARN_QUOTED_INCLUDE_IN_FRAMEWORK_HEADER = YES;
				CLANG_WARN_RANGE_LOOP_ANALYSIS = YES;
				CLANG_WARN_STRICT_PROTOTYPES = YES;
				CLANG_WARN_SUSPICIOUS_MOVE = YES;
				CLANG_WARN_UNGUARDED_AVAILABILITY = YES_AGGRESSIVE;
				CLANG_WARN_UNREACHABLE_CODE = YES;
				CLANG_WARN__DUPLICATE_METHOD_MATCH = YES;
				COPY_PHASE_STRIP = NO;
				DEBUG_INFORMATION_FORMAT = dwarf;
				ENABLE_STRICT_OBJC_MSGSEND = YES;
				ENABLE_TESTABILITY = YES;
				GCC_C_LANGUAGE_STANDARD = gnu11;
				GCC_DYNAMIC_NO_PIC = NO;
				GCC_NO_COMMON_BLOCKS = YES;
				GCC_OPTIMIZATION_LEVEL = 0;
				GCC_PREPROCESSOR_DEFINITIONS = (
					"DEBUG=1",
					"$(inherited)",
				);
				GCC_WARN_64_TO_32_BIT_CONVERSION = YES;
				GCC_WARN_ABOUT_RETURN_TYPE = YES_ERROR;
				GCC_WARN_UNDECLARED_SELECTOR = YES;
				GCC_WARN_UNINITIALIZED_AUTOS = YES_AGGRESSIVE;
				GCC_WARN_UNUSED_FUNCTION = YES;
				GCC_WARN_UNUSED_VARIABLE = YES;
				IPHONEOS_DEPLOYMENT_TARGET = 15.0;
				MTL_ENABLE_DEBUG_INFO = INCLUDE_SOURCE;
				MTL_FAST_MATH = YES;
				ONLY_ACTIVE_ARCH = YES;
				SWIFT_ACTIVE_COMPILATION_CONDITIONS = DEBUG;
				SWIFT_OPTIMIZATION_LEVEL = "-Onone";
			};
			name = Debug;
		};
		383E1AEE27BE442600E06B99 /* Release */ = {
			isa = XCBuildConfiguration;
			buildSettings = {
				ALWAYS_SEARCH_USER_PATHS = NO;
				CLANG_ANALYZER_NONNULL = YES;
				CLANG_ANALYZER_NUMBER_OBJECT_CONVERSION = YES_AGGRESSIVE;
				CLANG_CXX_LANGUAGE_STANDARD = "gnu++17";
				CLANG_CXX_LIBRARY = "libc++";
				CLANG_ENABLE_MODULES = YES;
				CLANG_ENABLE_OBJC_ARC = YES;
				CLANG_ENABLE_OBJC_WEAK = YES;
				CLANG_WARN_BLOCK_CAPTURE_AUTORELEASING = YES;
				CLANG_WARN_BOOL_CONVERSION = YES;
				CLANG_WARN_COMMA = YES;
				CLANG_WARN_CONSTANT_CONVERSION = YES;
				CLANG_WARN_DEPRECATED_OBJC_IMPLEMENTATIONS = YES;
				CLANG_WARN_DIRECT_OBJC_ISA_USAGE = YES_ERROR;
				CLANG_WARN_DOCUMENTATION_COMMENTS = YES;
				CLANG_WARN_EMPTY_BODY = YES;
				CLANG_WARN_ENUM_CONVERSION = YES;
				CLANG_WARN_INFINITE_RECURSION = YES;
				CLANG_WARN_INT_CONVERSION = YES;
				CLANG_WARN_NON_LITERAL_NULL_CONVERSION = YES;
				CLANG_WARN_OBJC_IMPLICIT_RETAIN_SELF = YES;
				CLANG_WARN_OBJC_LITERAL_CONVERSION = YES;
				CLANG_WARN_OBJC_ROOT_CLASS = YES_ERROR;
				CLANG_WARN_QUOTED_INCLUDE_IN_FRAMEWORK_HEADER = YES;
				CLANG_WARN_RANGE_LOOP_ANALYSIS = YES;
				CLANG_WARN_STRICT_PROTOTYPES = YES;
				CLANG_WARN_SUSPICIOUS_MOVE = YES;
				CLANG_WARN_UNGUARDED_AVAILABILITY = YES_AGGRESSIVE;
				CLANG_WARN_UNREACHABLE_CODE = YES;
				CLANG_WARN__DUPLICATE_METHOD_MATCH = YES;
				COPY_PHASE_STRIP = NO;
				DEBUG_INFORMATION_FORMAT = "dwarf-with-dsym";
				ENABLE_NS_ASSERTIONS = NO;
				ENABLE_STRICT_OBJC_MSGSEND = YES;
				GCC_C_LANGUAGE_STANDARD = gnu11;
				GCC_NO_COMMON_BLOCKS = YES;
				GCC_WARN_64_TO_32_BIT_CONVERSION = YES;
				GCC_WARN_ABOUT_RETURN_TYPE = YES_ERROR;
				GCC_WARN_UNDECLARED_SELECTOR = YES;
				GCC_WARN_UNINITIALIZED_AUTOS = YES_AGGRESSIVE;
				GCC_WARN_UNUSED_FUNCTION = YES;
				GCC_WARN_UNUSED_VARIABLE = YES;
				IPHONEOS_DEPLOYMENT_TARGET = 15.0;
				MTL_ENABLE_DEBUG_INFO = NO;
				MTL_FAST_MATH = YES;
				SWIFT_COMPILATION_MODE = wholemodule;
				SWIFT_OPTIMIZATION_LEVEL = "-O";
			};
			name = Release;
		};
		383E1AF027BE442600E06B99 /* Debug */ = {
			isa = XCBuildConfiguration;
			baseConfigurationReference = DFE6EDF77703024DFB4E2318 /* Pods-AssetCompressor (iOS).debug.xcconfig */;
			buildSettings = {
				ASSETCATALOG_COMPILER_APPICON_NAME = AppIcon;
				ASSETCATALOG_COMPILER_GLOBAL_ACCENT_COLOR_NAME = AccentColor;
				CODE_SIGN_STYLE = Automatic;
				CURRENT_PROJECT_VERSION = 1;
				DEVELOPMENT_TEAM = 7L2AEZ5Z84;
				ENABLE_PREVIEWS = YES;
				EXCLUDED_ARCHS = "";
				GENERATE_INFOPLIST_FILE = YES;
				INFOPLIST_FILE = "AssetCompressor--iOS--Info.plist";
				INFOPLIST_KEY_NSPhotoLibraryAddUsageDescription = "App saves compressed asset back to photo library";
				INFOPLIST_KEY_UIApplicationSceneManifest_Generation = YES;
				INFOPLIST_KEY_UIApplicationSupportsIndirectInputEvents = YES;
				INFOPLIST_KEY_UILaunchScreen_Generation = YES;
				INFOPLIST_KEY_UISupportedInterfaceOrientations_iPad = "UIInterfaceOrientationPortrait UIInterfaceOrientationPortraitUpsideDown UIInterfaceOrientationLandscapeLeft UIInterfaceOrientationLandscapeRight";
				INFOPLIST_KEY_UISupportedInterfaceOrientations_iPhone = "UIInterfaceOrientationPortrait UIInterfaceOrientationLandscapeLeft UIInterfaceOrientationLandscapeRight";
				IPHONEOS_DEPLOYMENT_TARGET = 15.0;
				LD_RUNPATH_SEARCH_PATHS = (
					"$(inherited)",
					"@executable_path/Frameworks",
				);
				MARKETING_VERSION = 1.0;
				PRODUCT_BUNDLE_IDENTIFIER = rayqu.AssetCompressor;
				PRODUCT_NAME = AssetCompressor;
				SDKROOT = iphoneos;
				SWIFT_EMIT_LOC_STRINGS = YES;
				SWIFT_VERSION = 5.0;
				TARGETED_DEVICE_FAMILY = "1,2";
			};
			name = Debug;
		};
		383E1AF127BE442600E06B99 /* Release */ = {
			isa = XCBuildConfiguration;
			baseConfigurationReference = B9821F88BC95AC040A16888D /* Pods-AssetCompressor (iOS).release.xcconfig */;
			buildSettings = {
				ASSETCATALOG_COMPILER_APPICON_NAME = AppIcon;
				ASSETCATALOG_COMPILER_GLOBAL_ACCENT_COLOR_NAME = AccentColor;
				CODE_SIGN_STYLE = Automatic;
				CURRENT_PROJECT_VERSION = 1;
				ENABLE_PREVIEWS = YES;
				GENERATE_INFOPLIST_FILE = YES;
				INFOPLIST_FILE = "AssetCompressor--iOS--Info.plist";
				INFOPLIST_KEY_NSPhotoLibraryAddUsageDescription = "App saves compressed asset back to photo library";
				INFOPLIST_KEY_UIApplicationSceneManifest_Generation = YES;
				INFOPLIST_KEY_UIApplicationSupportsIndirectInputEvents = YES;
				INFOPLIST_KEY_UILaunchScreen_Generation = YES;
				INFOPLIST_KEY_UISupportedInterfaceOrientations_iPad = "UIInterfaceOrientationPortrait UIInterfaceOrientationPortraitUpsideDown UIInterfaceOrientationLandscapeLeft UIInterfaceOrientationLandscapeRight";
				INFOPLIST_KEY_UISupportedInterfaceOrientations_iPhone = "UIInterfaceOrientationPortrait UIInterfaceOrientationLandscapeLeft UIInterfaceOrientationLandscapeRight";
				IPHONEOS_DEPLOYMENT_TARGET = 15.0;
				LD_RUNPATH_SEARCH_PATHS = (
					"$(inherited)",
					"@executable_path/Frameworks",
				);
				MARKETING_VERSION = 1.0;
				PRODUCT_BUNDLE_IDENTIFIER = rayqu.AssetCompressor;
				PRODUCT_NAME = AssetCompressor;
				SDKROOT = iphoneos;
				SWIFT_EMIT_LOC_STRINGS = YES;
				SWIFT_VERSION = 5.0;
				TARGETED_DEVICE_FAMILY = "1,2";
				VALIDATE_PRODUCT = YES;
			};
			name = Release;
		};
		383E1AF327BE442600E06B99 /* Debug */ = {
			isa = XCBuildConfiguration;
			baseConfigurationReference = 77B200FEB96AFEB99717C9B7 /* Pods-AssetCompressor (macOS).debug.xcconfig */;
			buildSettings = {
				ASSETCATALOG_COMPILER_APPICON_NAME = AppIcon;
				ASSETCATALOG_COMPILER_GLOBAL_ACCENT_COLOR_NAME = AccentColor;
				CODE_SIGN_ENTITLEMENTS = macOS/macOS.entitlements;
				CODE_SIGN_STYLE = Automatic;
				COMBINE_HIDPI_IMAGES = YES;
				CURRENT_PROJECT_VERSION = 1;
				ENABLE_PREVIEWS = YES;
				GENERATE_INFOPLIST_FILE = YES;
				INFOPLIST_KEY_NSHumanReadableCopyright = "";
				LD_RUNPATH_SEARCH_PATHS = (
					"$(inherited)",
					"@executable_path/../Frameworks",
				);
				MACOSX_DEPLOYMENT_TARGET = 12.1;
				MARKETING_VERSION = 1.0;
				PRODUCT_BUNDLE_IDENTIFIER = rayqu.AssetCompressor;
				PRODUCT_NAME = AssetCompressor;
				SDKROOT = macosx;
				SWIFT_EMIT_LOC_STRINGS = YES;
				SWIFT_VERSION = 5.0;
			};
			name = Debug;
		};
		383E1AF427BE442600E06B99 /* Release */ = {
			isa = XCBuildConfiguration;
			baseConfigurationReference = 89D56303D07EF3656D3ECD96 /* Pods-AssetCompressor (macOS).release.xcconfig */;
			buildSettings = {
				ASSETCATALOG_COMPILER_APPICON_NAME = AppIcon;
				ASSETCATALOG_COMPILER_GLOBAL_ACCENT_COLOR_NAME = AccentColor;
				CODE_SIGN_ENTITLEMENTS = macOS/macOS.entitlements;
				CODE_SIGN_STYLE = Automatic;
				COMBINE_HIDPI_IMAGES = YES;
				CURRENT_PROJECT_VERSION = 1;
				ENABLE_PREVIEWS = YES;
				GENERATE_INFOPLIST_FILE = YES;
				INFOPLIST_KEY_NSHumanReadableCopyright = "";
				LD_RUNPATH_SEARCH_PATHS = (
					"$(inherited)",
					"@executable_path/../Frameworks",
				);
				MACOSX_DEPLOYMENT_TARGET = 12.1;
				MARKETING_VERSION = 1.0;
				PRODUCT_BUNDLE_IDENTIFIER = rayqu.AssetCompressor;
				PRODUCT_NAME = AssetCompressor;
				SDKROOT = macosx;
				SWIFT_EMIT_LOC_STRINGS = YES;
				SWIFT_VERSION = 5.0;
			};
			name = Release;
		};
		383E1AF627BE442600E06B99 /* Debug */ = {
			isa = XCBuildConfiguration;
			buildSettings = {
				ALWAYS_EMBED_SWIFT_STANDARD_LIBRARIES = YES;
				CODE_SIGN_STYLE = Automatic;
				CURRENT_PROJECT_VERSION = 1;
				GENERATE_INFOPLIST_FILE = YES;
				IPHONEOS_DEPLOYMENT_TARGET = 15.0;
				MARKETING_VERSION = 1.0;
				PRODUCT_BUNDLE_IDENTIFIER = "rayqu.Tests-iOS";
				PRODUCT_NAME = "$(TARGET_NAME)";
				SDKROOT = iphoneos;
				SWIFT_EMIT_LOC_STRINGS = NO;
				SWIFT_VERSION = 5.0;
				TARGETED_DEVICE_FAMILY = "1,2";
				TEST_TARGET_NAME = "AssetCompressor (iOS)";
			};
			name = Debug;
		};
		383E1AF727BE442600E06B99 /* Release */ = {
			isa = XCBuildConfiguration;
			buildSettings = {
				ALWAYS_EMBED_SWIFT_STANDARD_LIBRARIES = YES;
				CODE_SIGN_STYLE = Automatic;
				CURRENT_PROJECT_VERSION = 1;
				GENERATE_INFOPLIST_FILE = YES;
				IPHONEOS_DEPLOYMENT_TARGET = 15.0;
				MARKETING_VERSION = 1.0;
				PRODUCT_BUNDLE_IDENTIFIER = "rayqu.Tests-iOS";
				PRODUCT_NAME = "$(TARGET_NAME)";
				SDKROOT = iphoneos;
				SWIFT_EMIT_LOC_STRINGS = NO;
				SWIFT_VERSION = 5.0;
				TARGETED_DEVICE_FAMILY = "1,2";
				TEST_TARGET_NAME = "AssetCompressor (iOS)";
				VALIDATE_PRODUCT = YES;
			};
			name = Release;
		};
		383E1AF927BE442600E06B99 /* Debug */ = {
			isa = XCBuildConfiguration;
			buildSettings = {
				ALWAYS_EMBED_SWIFT_STANDARD_LIBRARIES = YES;
				CODE_SIGN_STYLE = Automatic;
				CURRENT_PROJECT_VERSION = 1;
				GENERATE_INFOPLIST_FILE = YES;
				MACOSX_DEPLOYMENT_TARGET = 12.1;
				MARKETING_VERSION = 1.0;
				PRODUCT_BUNDLE_IDENTIFIER = "rayqu.Tests-macOS";
				PRODUCT_NAME = "$(TARGET_NAME)";
				SDKROOT = macosx;
				SWIFT_EMIT_LOC_STRINGS = NO;
				SWIFT_VERSION = 5.0;
				TEST_TARGET_NAME = "AssetCompressor (macOS)";
			};
			name = Debug;
		};
		383E1AFA27BE442600E06B99 /* Release */ = {
			isa = XCBuildConfiguration;
			buildSettings = {
				ALWAYS_EMBED_SWIFT_STANDARD_LIBRARIES = YES;
				CODE_SIGN_STYLE = Automatic;
				CURRENT_PROJECT_VERSION = 1;
				GENERATE_INFOPLIST_FILE = YES;
				MACOSX_DEPLOYMENT_TARGET = 12.1;
				MARKETING_VERSION = 1.0;
				PRODUCT_BUNDLE_IDENTIFIER = "rayqu.Tests-macOS";
				PRODUCT_NAME = "$(TARGET_NAME)";
				SDKROOT = macosx;
				SWIFT_EMIT_LOC_STRINGS = NO;
				SWIFT_VERSION = 5.0;
				TEST_TARGET_NAME = "AssetCompressor (macOS)";
			};
			name = Release;
		};
/* End XCBuildConfiguration section */

/* Begin XCConfigurationList section */
		383E1ABD27BE442500E06B99 /* Build configuration list for PBXProject "AssetCompressor" */ = {
			isa = XCConfigurationList;
			buildConfigurations = (
				383E1AED27BE442600E06B99 /* Debug */,
				383E1AEE27BE442600E06B99 /* Release */,
			);
			defaultConfigurationIsVisible = 0;
			defaultConfigurationName = Release;
		};
		383E1AEF27BE442600E06B99 /* Build configuration list for PBXNativeTarget "AssetCompressor (iOS)" */ = {
			isa = XCConfigurationList;
			buildConfigurations = (
				383E1AF027BE442600E06B99 /* Debug */,
				383E1AF127BE442600E06B99 /* Release */,
			);
			defaultConfigurationIsVisible = 0;
			defaultConfigurationName = Release;
		};
		383E1AF227BE442600E06B99 /* Build configuration list for PBXNativeTarget "AssetCompressor (macOS)" */ = {
			isa = XCConfigurationList;
			buildConfigurations = (
				383E1AF327BE442600E06B99 /* Debug */,
				383E1AF427BE442600E06B99 /* Release */,
			);
			defaultConfigurationIsVisible = 0;
			defaultConfigurationName = Release;
		};
		383E1AF527BE442600E06B99 /* Build configuration list for PBXNativeTarget "Tests iOS" */ = {
			isa = XCConfigurationList;
			buildConfigurations = (
				383E1AF627BE442600E06B99 /* Debug */,
				383E1AF727BE442600E06B99 /* Release */,
			);
			defaultConfigurationIsVisible = 0;
			defaultConfigurationName = Release;
		};
		383E1AF827BE442600E06B99 /* Build configuration list for PBXNativeTarget "Tests macOS" */ = {
			isa = XCConfigurationList;
			buildConfigurations = (
				383E1AF927BE442600E06B99 /* Debug */,
				383E1AFA27BE442600E06B99 /* Release */,
			);
			defaultConfigurationIsVisible = 0;
			defaultConfigurationName = Release;
		};
/* End XCConfigurationList section */
	};
	rootObject = 383E1ABA27BE442500E06B99 /* Project object */;
}
